// !$*UTF8*$!
{
	archiveVersion = 1;
	classes = {
	};
	objectVersion = 46;
	objects = {

/* Begin PBXBuildFile section */
		4E1A36E91E90DA3B0044755A /* main.m in Sources */ = {isa = PBXBuildFile; fileRef = 4E1A36E81E90DA3B0044755A /* main.m */; };
		4E1A36EC1E90DA3B0044755A /* AppDelegate.m in Sources */ = {isa = PBXBuildFile; fileRef = 4E1A36EB1E90DA3B0044755A /* AppDelegate.m */; };
		4E1A36EF1E90DA3B0044755A /* MasterViewController.m in Sources */ = {isa = PBXBuildFile; fileRef = 4E1A36EE1E90DA3B0044755A /* MasterViewController.m */; };
		4E1A36F21E90DA3B0044755A /* DetailViewController.m in Sources */ = {isa = PBXBuildFile; fileRef = 4E1A36F11E90DA3B0044755A /* DetailViewController.m */; };
		4E1A36F51E90DA3B0044755A /* Main.storyboard in Resources */ = {isa = PBXBuildFile; fileRef = 4E1A36F31E90DA3B0044755A /* Main.storyboard */; };
		4E1A36F71E90DA3B0044755A /* Assets.xcassets in Resources */ = {isa = PBXBuildFile; fileRef = 4E1A36F61E90DA3B0044755A /* Assets.xcassets */; };
		4E1A36FA1E90DA3B0044755A /* LaunchScreen.storyboard in Resources */ = {isa = PBXBuildFile; fileRef = 4E1A36F81E90DA3B0044755A /* LaunchScreen.storyboard */; };
		4E2CF94B1E90DC020070F3A9 /* TodoItem.m in Sources */ = {isa = PBXBuildFile; fileRef = 4E2CF94A1E90DC020070F3A9 /* TodoItem.m */; };
		4EB29BFD1E936EF50036330B /* TodoListTableViewController.m in Sources */ = {isa = PBXBuildFile; fileRef = 4EB29BFC1E936EF50036330B /* TodoListTableViewController.m */; };
		4EDF9A321E918197009D0681 /* CreateTodo.storyboard in Resources */ = {isa = PBXBuildFile; fileRef = 4EDF9A311E918197009D0681 /* CreateTodo.storyboard */; };
		4EDF9A361E91825D009D0681 /* CreateTodoTableViewController.m in Sources */ = {isa = PBXBuildFile; fileRef = 4EDF9A351E91825D009D0681 /* CreateTodoTableViewController.m */; };
/* End PBXBuildFile section */

/* Begin PBXFileReference section */
		4E1A36E51E90DA3B0044755A /* todo.app */ = {isa = PBXFileReference; explicitFileType = wrapper.application; includeInIndex = 0; path = todo.app; sourceTree = BUILT_PRODUCTS_DIR; };
		4E1A36E81E90DA3B0044755A /* main.m */ = {isa = PBXFileReference; lastKnownFileType = sourcecode.c.objc; path = main.m; sourceTree = "<group>"; };
		4E1A36EA1E90DA3B0044755A /* AppDelegate.h */ = {isa = PBXFileReference; lastKnownFileType = sourcecode.c.h; path = AppDelegate.h; sourceTree = "<group>"; };
		4E1A36EB1E90DA3B0044755A /* AppDelegate.m */ = {isa = PBXFileReference; lastKnownFileType = sourcecode.c.objc; path = AppDelegate.m; sourceTree = "<group>"; };
		4E1A36ED1E90DA3B0044755A /* MasterViewController.h */ = {isa = PBXFileReference; lastKnownFileType = sourcecode.c.h; path = MasterViewController.h; sourceTree = "<group>"; };
		4E1A36EE1E90DA3B0044755A /* MasterViewController.m */ = {isa = PBXFileReference; lastKnownFileType = sourcecode.c.objc; path = MasterViewController.m; sourceTree = "<group>"; };
		4E1A36F01E90DA3B0044755A /* DetailViewController.h */ = {isa = PBXFileReference; lastKnownFileType = sourcecode.c.h; path = DetailViewController.h; sourceTree = "<group>"; };
		4E1A36F11E90DA3B0044755A /* DetailViewController.m */ = {isa = PBXFileReference; lastKnownFileType = sourcecode.c.objc; path = DetailViewController.m; sourceTree = "<group>"; };
		4E1A36F41E90DA3B0044755A /* Base */ = {isa = PBXFileReference; lastKnownFileType = file.storyboard; name = Base; path = Base.lproj/Main.storyboard; sourceTree = "<group>"; };
		4E1A36F61E90DA3B0044755A /* Assets.xcassets */ = {isa = PBXFileReference; lastKnownFileType = folder.assetcatalog; path = Assets.xcassets; sourceTree = "<group>"; };
		4E1A36F91E90DA3B0044755A /* Base */ = {isa = PBXFileReference; lastKnownFileType = file.storyboard; name = Base; path = Base.lproj/LaunchScreen.storyboard; sourceTree = "<group>"; };
		4E1A36FB1E90DA3B0044755A /* Info.plist */ = {isa = PBXFileReference; lastKnownFileType = text.plist.xml; path = Info.plist; sourceTree = "<group>"; };
		4E2CF9491E90DC020070F3A9 /* TodoItem.h */ = {isa = PBXFileReference; fileEncoding = 4; lastKnownFileType = sourcecode.c.h; path = TodoItem.h; sourceTree = "<group>"; };
		4E2CF94A1E90DC020070F3A9 /* TodoItem.m */ = {isa = PBXFileReference; fileEncoding = 4; lastKnownFileType = sourcecode.c.objc; path = TodoItem.m; sourceTree = "<group>"; };
		4EB29BFB1E936EF50036330B /* TodoListTableViewController.h */ = {isa = PBXFileReference; fileEncoding = 4; lastKnownFileType = sourcecode.c.h; path = TodoListTableViewController.h; sourceTree = "<group>"; };
		4EB29BFC1E936EF50036330B /* TodoListTableViewController.m */ = {isa = PBXFileReference; fileEncoding = 4; lastKnownFileType = sourcecode.c.objc; path = TodoListTableViewController.m; sourceTree = "<group>"; };
		4EDF9A311E918197009D0681 /* CreateTodo.storyboard */ = {isa = PBXFileReference; fileEncoding = 4; lastKnownFileType = file.storyboard; path = CreateTodo.storyboard; sourceTree = "<group>"; };
		4EDF9A341E91825D009D0681 /* CreateTodoTableViewController.h */ = {isa = PBXFileReference; fileEncoding = 4; lastKnownFileType = sourcecode.c.h; path = CreateTodoTableViewController.h; sourceTree = "<group>"; };
		4EDF9A351E91825D009D0681 /* CreateTodoTableViewController.m */ = {isa = PBXFileReference; fileEncoding = 4; lastKnownFileType = sourcecode.c.objc; path = CreateTodoTableViewController.m; sourceTree = "<group>"; };
		4EDF9A381E9183BE009D0681 /* NotificationDefines.h */ = {isa = PBXFileReference; lastKnownFileType = sourcecode.c.h; path = NotificationDefines.h; sourceTree = "<group>"; };
/* End PBXFileReference section */

/* Begin PBXFrameworksBuildPhase section */
		4E1A36E21E90DA3B0044755A /* Frameworks */ = {
			isa = PBXFrameworksBuildPhase;
			buildActionMask = 2147483647;
			files = (
			);
			runOnlyForDeploymentPostprocessing = 0;
		};
/* End PBXFrameworksBuildPhase section */

/* Begin PBXGroup section */
		4E1A36A01E90D96B0044755A = {
			isa = PBXGroup;
			children = (
				4E1A36E61E90DA3B0044755A /* todo */,
				4E1A36AA1E90D96B0044755A /* Products */,
			);
			sourceTree = "<group>";
		};
		4E1A36AA1E90D96B0044755A /* Products */ = {
			isa = PBXGroup;
			children = (
				4E1A36E51E90DA3B0044755A /* todo.app */,
			);
			name = Products;
			sourceTree = "<group>";
		};
		4E1A36E61E90DA3B0044755A /* todo */ = {
			isa = PBXGroup;
			children = (
				4EDF9A381E9183BE009D0681 /* NotificationDefines.h */,
				4EDF9A371E918261009D0681 /* CreateTodo */,
				4EDF9A331E9181F3009D0681 /* Storyborad */,
				4E1A36EA1E90DA3B0044755A /* AppDelegate.h */,
				4E1A36EB1E90DA3B0044755A /* AppDelegate.m */,
				4E1A36F31E90DA3B0044755A /* Main.storyboard */,
				4E1A36ED1E90DA3B0044755A /* MasterViewController.h */,
				4E1A36EE1E90DA3B0044755A /* MasterViewController.m */,
				4EB29BFB1E936EF50036330B /* TodoListTableViewController.h */,
				4EB29BFC1E936EF50036330B /* TodoListTableViewController.m */,
				4E1A36F01E90DA3B0044755A /* DetailViewController.h */,
				4E1A36F11E90DA3B0044755A /* DetailViewController.m */,
				4E1A36F61E90DA3B0044755A /* Assets.xcassets */,
				4E1A36F81E90DA3B0044755A /* LaunchScreen.storyboard */,
				4E1A36FB1E90DA3B0044755A /* Info.plist */,
				4E1A36E71E90DA3B0044755A /* Supporting Files */,
			);
			path = todo;
			sourceTree = "<group>";
		};
		4E1A36E71E90DA3B0044755A /* Supporting Files */ = {
			isa = PBXGroup;
			children = (
				4E1A36E81E90DA3B0044755A /* main.m */,
			);
			name = "Supporting Files";
			sourceTree = "<group>";
		};
		4EDF9A331E9181F3009D0681 /* Storyborad */ = {
			isa = PBXGroup;
			children = (
			);
			name = Storyborad;
			sourceTree = "<group>";
		};
		4EDF9A371E918261009D0681 /* CreateTodo */ = {
			isa = PBXGroup;
			children = (
				4E2CF9491E90DC020070F3A9 /* TodoItem.h */,
				4E2CF94A1E90DC020070F3A9 /* TodoItem.m */,
				4EDF9A341E91825D009D0681 /* CreateTodoTableViewController.h */,
				4EDF9A351E91825D009D0681 /* CreateTodoTableViewController.m */,
				4EDF9A311E918197009D0681 /* CreateTodo.storyboard */,
			);
			name = CreateTodo;
			sourceTree = "<group>";
		};
/* End PBXGroup section */

/* Begin PBXNativeTarget section */
		4E1A36E41E90DA3B0044755A /* todo */ = {
			isa = PBXNativeTarget;
			buildConfigurationList = 4E1A36FC1E90DA3B0044755A /* Build configuration list for PBXNativeTarget "todo" */;
			buildPhases = (
				4E1A36E11E90DA3B0044755A /* Sources */,
				4E1A36E21E90DA3B0044755A /* Frameworks */,
				4E1A36E31E90DA3B0044755A /* Resources */,
			);
			buildRules = (
			);
			dependencies = (
			);
			name = todo;
			productName = todo;
			productReference = 4E1A36E51E90DA3B0044755A /* todo.app */;
			productType = "com.apple.product-type.application";
		};
/* End PBXNativeTarget section */

/* Begin PBXProject section */
		4E1A36A11E90D96B0044755A /* Project object */ = {
			isa = PBXProject;
			attributes = {
				LastUpgradeCheck = 0830;
				ORGANIZATIONNAME = "JUE DUKE";
				TargetAttributes = {
					4E1A36E41E90DA3B0044755A = {
						CreatedOnToolsVersion = 8.3;
						DevelopmentTeam = 2N75WWNEF6;
						ProvisioningStyle = Automatic;
					};
				};
			};
			buildConfigurationList = 4E1A36A41E90D96B0044755A /* Build configuration list for PBXProject "todo" */;
			compatibilityVersion = "Xcode 3.2";
			developmentRegion = English;
			hasScannedForEncodings = 0;
			knownRegions = (
				en,
				Base,
			);
			mainGroup = 4E1A36A01E90D96B0044755A;
			productRefGroup = 4E1A36AA1E90D96B0044755A /* Products */;
			projectDirPath = "";
			projectRoot = "";
			targets = (
				4E1A36E41E90DA3B0044755A /* todo */,
			);
		};
/* End PBXProject section */

/* Begin PBXResourcesBuildPhase section */
		4E1A36E31E90DA3B0044755A /* Resources */ = {
			isa = PBXResourcesBuildPhase;
			buildActionMask = 2147483647;
			files = (
				4E1A36FA1E90DA3B0044755A /* LaunchScreen.storyboard in Resources */,
				4E1A36F71E90DA3B0044755A /* Assets.xcassets in Resources */,
				4E1A36F51E90DA3B0044755A /* Main.storyboard in Resources */,
				4EDF9A321E918197009D0681 /* CreateTodo.storyboard in Resources */,
			);
			runOnlyForDeploymentPostprocessing = 0;
		};
/* End PBXResourcesBuildPhase section */

/* Begin PBXSourcesBuildPhase section */
		4E1A36E11E90DA3B0044755A /* Sources */ = {
			isa = PBXSourcesBuildPhase;
			buildActionMask = 2147483647;
			files = (
				4E1A36EC1E90DA3B0044755A /* AppDelegate.m in Sources */,
				4E1A36EF1E90DA3B0044755A /* MasterViewController.m in Sources */,
				4E1A36E91E90DA3B0044755A /* main.m in Sources */,
				4EDF9A361E91825D009D0681 /* CreateTodoTableViewController.m in Sources */,
				4E1A36F21E90DA3B0044755A /* DetailViewController.m in Sources */,
				4E2CF94B1E90DC020070F3A9 /* TodoItem.m in Sources */,
				4EB29BFD1E936EF50036330B /* TodoListTableViewController.m in Sources */,
			);
			runOnlyForDeploymentPostprocessing = 0;
		};
/* End PBXSourcesBuildPhase section */

/* Begin PBXVariantGroup section */
		4E1A36F31E90DA3B0044755A /* Main.storyboard */ = {
			isa = PBXVariantGroup;
			children = (
				4E1A36F41E90DA3B0044755A /* Base */,
			);
			name = Main.storyboard;
			sourceTree = "<group>";
		};
		4E1A36F81E90DA3B0044755A /* LaunchScreen.storyboard */ = {
			isa = PBXVariantGroup;
			children = (
				4E1A36F91E90DA3B0044755A /* Base */,
			);
			name = LaunchScreen.storyboard;
			sourceTree = "<group>";
		};
/* End PBXVariantGroup section */

/* Begin XCBuildConfiguration section */
		4E1A36C11E90D96B0044755A /* Debug */ = {
			isa = XCBuildConfiguration;
			buildSettings = {
				ALWAYS_SEARCH_USER_PATHS = NO;
				CLANG_ANALYZER_NONNULL = YES;
				CLANG_ANALYZER_NUMBER_OBJECT_CONVERSION = YES_AGGRESSIVE;
				CLANG_CXX_LANGUAGE_STANDARD = "gnu++0x";
				CLANG_CXX_LIBRARY = "libc++";
				CLANG_ENABLE_MODULES = YES;
				CLANG_ENABLE_OBJC_ARC = YES;
				CLANG_WARN_BOOL_CONVERSION = YES;
				CLANG_WARN_CONSTANT_CONVERSION = YES;
				CLANG_WARN_DIRECT_OBJC_ISA_USAGE = YES_ERROR;
				CLANG_WARN_DOCUMENTATION_COMMENTS = YES;
				CLANG_WARN_EMPTY_BODY = YES;
				CLANG_WARN_ENUM_CONVERSION = YES;
				CLANG_WARN_INFINITE_RECURSION = YES;
				CLANG_WARN_INT_CONVERSION = YES;
				CLANG_WARN_OBJC_ROOT_CLASS = YES_ERROR;
				CLANG_WARN_SUSPICIOUS_MOVE = YES;
				CLANG_WARN_UNREACHABLE_CODE = YES;
				CLANG_WARN__DUPLICATE_METHOD_MATCH = YES;
				"CODE_SIGN_IDENTITY[sdk=iphoneos*]" = "iPhone Developer";
				COPY_PHASE_STRIP = NO;
				DEBUG_INFORMATION_FORMAT = dwarf;
				ENABLE_STRICT_OBJC_MSGSEND = YES;
				ENABLE_TESTABILITY = YES;
				GCC_C_LANGUAGE_STANDARD = gnu99;
				GCC_DYNAMIC_NO_PIC = NO;
				GCC_NO_COMMON_BLOCKS = YES;
				GCC_OPTIMIZATION_LEVEL = 0;
				GCC_PREPROCESSOR_DEFINITIONS = (
					"DEBUG=1",
					"$(inherited)",
				);
				GCC_WARN_64_TO_32_BIT_CONVERSION = YES;
				GCC_WARN_ABOUT_RETURN_TYPE = YES_ERROR;
				GCC_WARN_UNDECLARED_SELECTOR = YES;
				GCC_WARN_UNINITIALIZED_AUTOS = YES_AGGRESSIVE;
				GCC_WARN_UNUSED_FUNCTION = YES;
				GCC_WARN_UNUSED_VARIABLE = YES;
				IPHONEOS_DEPLOYMENT_TARGET = 10.3;
				MTL_ENABLE_DEBUG_INFO = YES;
				ONLY_ACTIVE_ARCH = YES;
				SDKROOT = iphoneos;
				TARGETED_DEVICE_FAMILY = "1,2";
			};
			name = Debug;
		};
		4E1A36C21E90D96B0044755A /* Release */ = {
			isa = XCBuildConfiguration;
			buildSettings = {
				ALWAYS_SEARCH_USER_PATHS = NO;
				CLANG_ANALYZER_NONNULL = YES;
				CLANG_ANALYZER_NUMBER_OBJECT_CONVERSION = YES_AGGRESSIVE;
				CLANG_CXX_LANGUAGE_STANDARD = "gnu++0x";
				CLANG_CXX_LIBRARY = "libc++";
				CLANG_ENABLE_MODULES = YES;
				CLANG_ENABLE_OBJC_ARC = YES;
				CLANG_WARN_BOOL_CONVERSION = YES;
				CLANG_WARN_CONSTANT_CONVERSION = YES;
				CLANG_WARN_DIRECT_OBJC_ISA_USAGE = YES_ERROR;
				CLANG_WARN_DOCUMENTATION_COMMENTS = YES;
				CLANG_WARN_EMPTY_BODY = YES;
				CLANG_WARN_ENUM_CONVERSION = YES;
				CLANG_WARN_INFINITE_RECURSION = YES;
				CLANG_WARN_INT_CONVERSION = YES;
				CLANG_WARN_OBJC_ROOT_CLASS = YES_ERROR;
				CLANG_WARN_SUSPICIOUS_MOVE = YES;
				CLANG_WARN_UNREACHABLE_CODE = YES;
				CLANG_WARN__DUPLICATE_METHOD_MATCH = YES;
				"CODE_SIGN_IDENTITY[sdk=iphoneos*]" = "iPhone Developer";
				COPY_PHASE_STRIP = NO;
				DEBUG_INFORMATION_FORMAT = "dwarf-with-dsym";
				ENABLE_NS_ASSERTIONS = NO;
				ENABLE_STRICT_OBJC_MSGSEND = YES;
				GCC_C_LANGUAGE_STANDARD = gnu99;
				GCC_NO_COMMON_BLOCKS = YES;
				GCC_WARN_64_TO_32_BIT_CONVERSION = YES;
				GCC_WARN_ABOUT_RETURN_TYPE = YES_ERROR;
				GCC_WARN_UNDECLARED_SELECTOR = YES;
				GCC_WARN_UNINITIALIZED_AUTOS = YES_AGGRESSIVE;
				GCC_WARN_UNUSED_FUNCTION = YES;
				GCC_WARN_UNUSED_VARIABLE = YES;
				IPHONEOS_DEPLOYMENT_TARGET = 10.3;
				MTL_ENABLE_DEBUG_INFO = NO;
				SDKROOT = iphoneos;
				TARGETED_DEVICE_FAMILY = "1,2";
				VALIDATE_PRODUCT = YES;
			};
			name = Release;
		};
		4E1A36FD1E90DA3B0044755A /* Debug */ = {
			isa = XCBuildConfiguration;
			buildSettings = {
				ASSETCATALOG_COMPILER_APPICON_NAME = AppIcon;
				DEVELOPMENT_TEAM = 2N75WWNEF6;
				INFOPLIST_FILE = todo/Info.plist;
				LD_RUNPATH_SEARCH_PATHS = "$(inherited) @executable_path/Frameworks";
				PRODUCT_BUNDLE_IDENTIFIER = com.nomemo.todo;
				PRODUCT_NAME = "$(TARGET_NAME)";
			};
			name = Debug;
		};
		4E1A36FE1E90DA3B0044755A /* Release */ = {
			isa = XCBuildConfiguration;
			buildSettings = {
				ASSETCATALOG_COMPILER_APPICON_NAME = AppIcon;
				DEVELOPMENT_TEAM = 2N75WWNEF6;
				INFOPLIST_FILE = todo/Info.plist;
				LD_RUNPATH_SEARCH_PATHS = "$(inherited) @executable_path/Frameworks";
				PRODUCT_BUNDLE_IDENTIFIER = com.nomemo.todo;
				PRODUCT_NAME = "$(TARGET_NAME)";
			};
			name = Release;
		};
/* End XCBuildConfiguration section */

/* Begin XCConfigurationList section */
		4E1A36A41E90D96B0044755A /* Build configuration list for PBXProject "todo" */ = {
			isa = XCConfigurationList;
			buildConfigurations = (
				4E1A36C11E90D96B0044755A /* Debug */,
				4E1A36C21E90D96B0044755A /* Release */,
			);
			defaultConfigurationIsVisible = 0;
			defaultConfigurationName = Release;
		};
		4E1A36FC1E90DA3B0044755A /* Build configuration list for PBXNativeTarget "todo" */ = {
			isa = XCConfigurationList;
			buildConfigurations = (
				4E1A36FD1E90DA3B0044755A /* Debug */,
				4E1A36FE1E90DA3B0044755A /* Release */,
			);
			defaultConfigurationIsVisible = 0;
			defaultConfigurationName = Release;
		};
/* End XCConfigurationList section */
	};
	rootObject = 4E1A36A11E90D96B0044755A /* Project object */;
}
